// !$*UTF8*$!
{
	archiveVersion = 1;
	classes = {
	};
	objectVersion = 50;
	objects = {

/* Begin PBXBuildFile section */
		1E0DB81620C90138003394EE /* customCell.swift in Sources */ = {isa = PBXBuildFile; fileRef = 1E0DB81520C90138003394EE /* customCell.swift */; };
		1E1EBBA720CF05E9008EEE1E /* videoViewController.swift in Sources */ = {isa = PBXBuildFile; fileRef = 1E1EBBA620CF05E9008EEE1E /* videoViewController.swift */; };
		1E200E3120F9D8040088A7A5 /* customButton.swift in Sources */ = {isa = PBXBuildFile; fileRef = 1E200E3020F9D8040088A7A5 /* customButton.swift */; };
		1E24E75320CD2444009BF668 /* Extension.swift in Sources */ = {isa = PBXBuildFile; fileRef = 1E24E75220CD2444009BF668 /* Extension.swift */; };
		1E261E8720F7D5710015B1A5 /* customLabel.swift in Sources */ = {isa = PBXBuildFile; fileRef = 1E261E8620F7D5710015B1A5 /* customLabel.swift */; };
		1EA84FFA20FBD4D900FADFB4 /* customUIImageView.swift in Sources */ = {isa = PBXBuildFile; fileRef = 1EA84FF920FBD4D900FADFB4 /* customUIImageView.swift */; };
		1ECE277920C6C696005F1039 /* AppDelegate.swift in Sources */ = {isa = PBXBuildFile; fileRef = 1ECE277820C6C696005F1039 /* AppDelegate.swift */; };
		1ECE277B20C6C696005F1039 /* ViewController.swift in Sources */ = {isa = PBXBuildFile; fileRef = 1ECE277A20C6C696005F1039 /* ViewController.swift */; };
		1ECE277E20C6C696005F1039 /* Main.storyboard in Resources */ = {isa = PBXBuildFile; fileRef = 1ECE277C20C6C696005F1039 /* Main.storyboard */; };
		1ECE278020C6C6A1005F1039 /* Assets.xcassets in Resources */ = {isa = PBXBuildFile; fileRef = 1ECE277F20C6C6A1005F1039 /* Assets.xcassets */; };
		1ECE278320C6C6A1005F1039 /* LaunchScreen.storyboard in Resources */ = {isa = PBXBuildFile; fileRef = 1ECE278120C6C6A1005F1039 /* LaunchScreen.storyboard */; };
/* End PBXBuildFile section */

/* Begin PBXFileReference section */
		1E0DB81520C90138003394EE /* customCell.swift */ = {isa = PBXFileReference; lastKnownFileType = sourcecode.swift; path = customCell.swift; sourceTree = "<group>"; };
		1E1EBBA620CF05E9008EEE1E /* videoViewController.swift */ = {isa = PBXFileReference; lastKnownFileType = sourcecode.swift; path = videoViewController.swift; sourceTree = "<group>"; };
		1E200E3020F9D8040088A7A5 /* customButton.swift */ = {isa = PBXFileReference; lastKnownFileType = sourcecode.swift; path = customButton.swift; sourceTree = "<group>"; };
		1E24E75220CD2444009BF668 /* Extension.swift */ = {isa = PBXFileReference; lastKnownFileType = sourcecode.swift; path = Extension.swift; sourceTree = "<group>"; };
		1E261E8620F7D5710015B1A5 /* customLabel.swift */ = {isa = PBXFileReference; lastKnownFileType = sourcecode.swift; path = customLabel.swift; sourceTree = "<group>"; };
		1EA84FF920FBD4D900FADFB4 /* customUIImageView.swift */ = {isa = PBXFileReference; lastKnownFileType = sourcecode.swift; path = customUIImageView.swift; sourceTree = "<group>"; };
		1ECE277520C6C696005F1039 /* Music.app */ = {isa = PBXFileReference; explicitFileType = wrapper.application; includeInIndex = 0; path = Music.app; sourceTree = BUILT_PRODUCTS_DIR; };
		1ECE277820C6C696005F1039 /* AppDelegate.swift */ = {isa = PBXFileReference; lastKnownFileType = sourcecode.swift; path = AppDelegate.swift; sourceTree = "<group>"; };
		1ECE277A20C6C696005F1039 /* ViewController.swift */ = {isa = PBXFileReference; lastKnownFileType = sourcecode.swift; path = ViewController.swift; sourceTree = "<group>"; };
		1ECE277D20C6C696005F1039 /* Base */ = {isa = PBXFileReference; lastKnownFileType = file.storyboard; name = Base; path = Base.lproj/Main.storyboard; sourceTree = "<group>"; };
		1ECE277F20C6C6A1005F1039 /* Assets.xcassets */ = {isa = PBXFileReference; lastKnownFileType = folder.assetcatalog; path = Assets.xcassets; sourceTree = "<group>"; };
		1ECE278220C6C6A1005F1039 /* Base */ = {isa = PBXFileReference; lastKnownFileType = file.storyboard; name = Base; path = Base.lproj/LaunchScreen.storyboard; sourceTree = "<group>"; };
		1ECE278420C6C6A1005F1039 /* Info.plist */ = {isa = PBXFileReference; lastKnownFileType = text.plist.xml; path = Info.plist; sourceTree = "<group>"; };
/* End PBXFileReference section */

/* Begin PBXFrameworksBuildPhase section */
		1ECE277220C6C696005F1039 /* Frameworks */ = {
			isa = PBXFrameworksBuildPhase;
			buildActionMask = 2147483647;
			files = (
			);
			runOnlyForDeploymentPostprocessing = 0;
		};
/* End PBXFrameworksBuildPhase section */

/* Begin PBXGroup section */
		1ECE276C20C6C696005F1039 = {
			isa = PBXGroup;
			children = (
				1ECE277720C6C696005F1039 /* Music */,
				1ECE277620C6C696005F1039 /* Products */,
			);
			sourceTree = "<group>";
		};
		1ECE277620C6C696005F1039 /* Products */ = {
			isa = PBXGroup;
			children = (
				1ECE277520C6C696005F1039 /* Music.app */,
			);
			name = Products;
			sourceTree = "<group>";
		};
		1ECE277720C6C696005F1039 /* Music */ = {
			isa = PBXGroup;
			children = (
				1ECE278A20C6C719005F1039 /* views */,
				1ECE277C20C6C696005F1039 /* Main.storyboard */,
				1ECE277F20C6C6A1005F1039 /* Assets.xcassets */,
				1ECE278120C6C6A1005F1039 /* LaunchScreen.storyboard */,
				1ECE278420C6C6A1005F1039 /* Info.plist */,
				1E0DB81520C90138003394EE /* customCell.swift */,
				1E261E8620F7D5710015B1A5 /* customLabel.swift */,
				1E200E3020F9D8040088A7A5 /* customButton.swift */,
				1EA84FF920FBD4D900FADFB4 /* customUIImageView.swift */,
				1E24E75220CD2444009BF668 /* Extension.swift */,
			);
			path = Music;
			sourceTree = "<group>";
		};
		1ECE278A20C6C719005F1039 /* views */ = {
			isa = PBXGroup;
			children = (
				1ECE277820C6C696005F1039 /* AppDelegate.swift */,
				1ECE277A20C6C696005F1039 /* ViewController.swift */,
				1E1EBBA620CF05E9008EEE1E /* videoViewController.swift */,
			);
			path = views;
			sourceTree = "<group>";
		};
/* End PBXGroup section */

/* Begin PBXNativeTarget section */
		1ECE277420C6C696005F1039 /* Music */ = {
			isa = PBXNativeTarget;
			buildConfigurationList = 1ECE278720C6C6A1005F1039 /* Build configuration list for PBXNativeTarget "Music" */;
			buildPhases = (
				1ECE277120C6C696005F1039 /* Sources */,
				1ECE277220C6C696005F1039 /* Frameworks */,
				1ECE277320C6C696005F1039 /* Resources */,
			);
			buildRules = (
			);
			dependencies = (
			);
			name = Music;
			productName = Music;
			productReference = 1ECE277520C6C696005F1039 /* Music.app */;
			productType = "com.apple.product-type.application";
		};
/* End PBXNativeTarget section */

/* Begin PBXProject section */
		1ECE276D20C6C696005F1039 /* Project object */ = {
			isa = PBXProject;
			attributes = {
				LastSwiftUpdateCheck = 0940;
				LastUpgradeCheck = 0940;
				ORGANIZATIONNAME = Atheer;
				TargetAttributes = {
					1ECE277420C6C696005F1039 = {
						CreatedOnToolsVersion = 9.4;
						LastSwiftMigration = 1010;
						SystemCapabilities = {
							com.apple.BackgroundModes = {
								enabled = 1;
							};
						};
					};
				};
			};
			buildConfigurationList = 1ECE277020C6C696005F1039 /* Build configuration list for PBXProject "Music" */;
			compatibilityVersion = "Xcode 9.3";
			developmentRegion = en;
			hasScannedForEncodings = 0;
			knownRegions = (
				en,
				Base,
			);
			mainGroup = 1ECE276C20C6C696005F1039;
			productRefGroup = 1ECE277620C6C696005F1039 /* Products */;
			projectDirPath = "";
			projectRoot = "";
			targets = (
				1ECE277420C6C696005F1039 /* Music */,
			);
		};
/* End PBXProject section */

/* Begin PBXResourcesBuildPhase section */
		1ECE277320C6C696005F1039 /* Resources */ = {
			isa = PBXResourcesBuildPhase;
			buildActionMask = 2147483647;
			files = (
				1ECE278320C6C6A1005F1039 /* LaunchScreen.storyboard in Resources */,
				1ECE278020C6C6A1005F1039 /* Assets.xcassets in Resources */,
				1ECE277E20C6C696005F1039 /* Main.storyboard in Resources */,
			);
			runOnlyForDeploymentPostprocessing = 0;
		};
/* End PBXResourcesBuildPhase section */

/* Begin PBXSourcesBuildPhase section */
		1ECE277120C6C696005F1039 /* Sources */ = {
			isa = PBXSourcesBuildPhase;
			buildActionMask = 2147483647;
			files = (
				1ECE277B20C6C696005F1039 /* ViewController.swift in Sources */,
				1EA84FFA20FBD4D900FADFB4 /* customUIImageView.swift in Sources */,
				1E261E8720F7D5710015B1A5 /* customLabel.swift in Sources */,
				1ECE277920C6C696005F1039 /* AppDelegate.swift in Sources */,
				1E0DB81620C90138003394EE /* customCell.swift in Sources */,
				1E24E75320CD2444009BF668 /* Extension.swift in Sources */,
				1E1EBBA720CF05E9008EEE1E /* videoViewController.swift in Sources */,
				1E200E3120F9D8040088A7A5 /* customButton.swift in Sources */,
			);
			runOnlyForDeploymentPostprocessing = 0;
		};
/* End PBXSourcesBuildPhase section */

/* Begin PBXVariantGroup section */
		1ECE277C20C6C696005F1039 /* Main.storyboard */ = {
			isa = PBXVariantGroup;
			children = (
				1ECE277D20C6C696005F1039 /* Base */,
			);
			name = Main.storyboard;
			sourceTree = "<group>";
		};
		1ECE278120C6C6A1005F1039 /* LaunchScreen.storyboard */ = {
			isa = PBXVariantGroup;
			children = (
				1ECE278220C6C6A1005F1039 /* Base */,
			);
			name = LaunchScreen.storyboard;
			sourceTree = "<group>";
		};
/* End PBXVariantGroup section */

/* Begin XCBuildConfiguration section */
		1ECE278520C6C6A1005F1039 /* Debug */ = {
			isa = XCBuildConfiguration;
			buildSettings = {
				ALWAYS_SEARCH_USER_PATHS = NO;
				CLANG_ANALYZER_NONNULL = YES;
				CLANG_ANALYZER_NUMBER_OBJECT_CONVERSION = YES_AGGRESSIVE;
				CLANG_CXX_LANGUAGE_STANDARD = "gnu++14";
				CLANG_CXX_LIBRARY = "libc++";
				CLANG_ENABLE_MODULES = YES;
				CLANG_ENABLE_OBJC_ARC = YES;
				CLANG_ENABLE_OBJC_WEAK = YES;
				CLANG_WARN_BLOCK_CAPTURE_AUTORELEASING = YES;
				CLANG_WARN_BOOL_CONVERSION = YES;
				CLANG_WARN_COMMA = YES;
				CLANG_WARN_CONSTANT_CONVERSION = YES;
				CLANG_WARN_DEPRECATED_OBJC_IMPLEMENTATIONS = YES;
				CLANG_WARN_DIRECT_OBJC_ISA_USAGE = YES_ERROR;
				CLANG_WARN_DOCUMENTATION_COMMENTS = YES;
				CLANG_WARN_EMPTY_BODY = YES;
				CLANG_WARN_ENUM_CONVERSION = YES;
				CLANG_WARN_INFINITE_RECURSION = YES;
				CLANG_WARN_INT_CONVERSION = YES;
				CLANG_WARN_NON_LITERAL_NULL_CONVERSION = YES;
				CLANG_WARN_OBJC_IMPLICIT_RETAIN_SELF = YES;
				CLANG_WARN_OBJC_LITERAL_CONVERSION = YES;
				CLANG_WARN_OBJC_ROOT_CLASS = YES_ERROR;
				CLANG_WARN_RANGE_LOOP_ANALYSIS = YES;
				CLANG_WARN_STRICT_PROTOTYPES = YES;
				CLANG_WARN_SUSPICIOUS_MOVE = YES;
				CLANG_WARN_UNGUARDED_AVAILABILITY = YES_AGGRESSIVE;
				CLANG_WARN_UNREACHABLE_CODE = YES;
				CLANG_WARN__DUPLICATE_METHOD_MATCH = YES;
				CODE_SIGN_IDENTITY = "iPhone Developer";
				COPY_PHASE_STRIP = NO;
				DEBUG_INFORMATION_FORMAT = dwarf;
				ENABLE_STRICT_OBJC_MSGSEND = YES;
				ENABLE_TESTABILITY = YES;
				GCC_C_LANGUAGE_STANDARD = gnu11;
				GCC_DYNAMIC_NO_PIC = NO;
				GCC_NO_COMMON_BLOCKS = YES;
				GCC_OPTIMIZATION_LEVEL = 0;
				GCC_PREPROCESSOR_DEFINITIONS = (
					"DEBUG=1",
					"$(inherited)",
				);
				GCC_WARN_64_TO_32_BIT_CONVERSION = YES;
				GCC_WARN_ABOUT_RETURN_TYPE = YES_ERROR;
				GCC_WARN_UNDECLARED_SELECTOR = YES;
				GCC_WARN_UNINITIALIZED_AUTOS = YES_AGGRESSIVE;
				GCC_WARN_UNUSED_FUNCTION = YES;
				GCC_WARN_UNUSED_VARIABLE = YES;
				IPHONEOS_DEPLOYMENT_TARGET = 11.4;
				MTL_ENABLE_DEBUG_INFO = YES;
				ONLY_ACTIVE_ARCH = YES;
				SDKROOT = iphoneos;
				SWIFT_ACTIVE_COMPILATION_CONDITIONS = DEBUG;
				SWIFT_OPTIMIZATION_LEVEL = "-Onone";
			};
			name = Debug;
		};
		1ECE278620C6C6A1005F1039 /* Release */ = {
			isa = XCBuildConfiguration;
			buildSettings = {
				ALWAYS_SEARCH_USER_PATHS = NO;
				CLANG_ANALYZER_NONNULL = YES;
				CLANG_ANALYZER_NUMBER_OBJECT_CONVERSION = YES_AGGRESSIVE;
				CLANG_CXX_LANGUAGE_STANDARD = "gnu++14";
				CLANG_CXX_LIBRARY = "libc++";
				CLANG_ENABLE_MODULES = YES;
				CLANG_ENABLE_OBJC_ARC = YES;
				CLANG_ENABLE_OBJC_WEAK = YES;
				CLANG_WARN_BLOCK_CAPTURE_AUTORELEASING = YES;
				CLANG_WARN_BOOL_CONVERSION = YES;
				CLANG_WARN_COMMA = YES;
				CLANG_WARN_CONSTANT_CONVERSION = YES;
				CLANG_WARN_DEPRECATED_OBJC_IMPLEMENTATIONS = YES;
				CLANG_WARN_DIRECT_OBJC_ISA_USAGE = YES_ERROR;
				CLANG_WARN_DOCUMENTATION_COMMENTS = YES;
				CLANG_WARN_EMPTY_BODY = YES;
				CLANG_WARN_ENUM_CONVERSION = YES;
				CLANG_WARN_INFINITE_RECURSION = YES;
				CLANG_WARN_INT_CONVERSION = YES;
				CLANG_WARN_NON_LITERAL_NULL_CONVERSION = YES;
				CLANG_WARN_OBJC_IMPLICIT_RETAIN_SELF = YES;
				CLANG_WARN_OBJC_LITERAL_CONVERSION = YES;
				CLANG_WARN_OBJC_ROOT_CLASS = YES_ERROR;
				CLANG_WARN_RANGE_LOOP_ANALYSIS = YES;
				CLANG_WARN_STRICT_PROTOTYPES = YES;
				CLANG_WARN_SUSPICIOUS_MOVE = YES;
				CLANG_WARN_UNGUARDED_AVAILABILITY = YES_AGGRESSIVE;
				CLANG_WARN_UNREACHABLE_CODE = YES;
				CLANG_WARN__DUPLICATE_METHOD_MATCH = YES;
				CODE_SIGN_IDENTITY = "iPhone Developer";
				COPY_PHASE_STRIP = NO;
				DEBUG_INFORMATION_FORMAT = "dwarf-with-dsym";
				ENABLE_NS_ASSERTIONS = NO;
				ENABLE_STRICT_OBJC_MSGSEND = YES;
				GCC_C_LANGUAGE_STANDARD = gnu11;
				GCC_NO_COMMON_BLOCKS = YES;
				GCC_WARN_64_TO_32_BIT_CONVERSION = YES;
				GCC_WARN_ABOUT_RETURN_TYPE = YES_ERROR;
				GCC_WARN_UNDECLARED_SELECTOR = YES;
				GCC_WARN_UNINITIALIZED_AUTOS = YES_AGGRESSIVE;
				GCC_WARN_UNUSED_FUNCTION = YES;
				GCC_WARN_UNUSED_VARIABLE = YES;
				IPHONEOS_DEPLOYMENT_TARGET = 11.4;
				MTL_ENABLE_DEBUG_INFO = NO;
				SDKROOT = iphoneos;
				SWIFT_COMPILATION_MODE = wholemodule;
				SWIFT_OPTIMIZATION_LEVEL = "-O";
				VALIDATE_PRODUCT = YES;
			};
			name = Release;
		};
		1ECE278820C6C6A1005F1039 /* Debug */ = {
			isa = XCBuildConfiguration;
			buildSettings = {
				ASSETCATALOG_COMPILER_APPICON_NAME = AppIcon;
				CODE_SIGN_STYLE = Automatic;
				DEVELOPMENT_TEAM = 2R9D8RVTAY;
				INFOPLIST_FILE = Music/Info.plist;
				IPHONEOS_DEPLOYMENT_TARGET = 11.0;
				LD_RUNPATH_SEARCH_PATHS = (
					"$(inherited)",
					"@executable_path/Frameworks",
				);
				PRODUCT_BUNDLE_IDENTIFIER = com.atheer.Music;
				PRODUCT_NAME = "$(TARGET_NAME)";
				SWIFT_VERSION = 4.2;
				TARGETED_DEVICE_FAMILY = "1,2";
			};
			name = Debug;
		};
		1ECE278920C6C6A1005F1039 /* Release */ = {
			isa = XCBuildConfiguration;
			buildSettings = {
				ASSETCATALOG_COMPILER_APPICON_NAME = AppIcon;
				CODE_SIGN_STYLE = Automatic;
				DEVELOPMENT_TEAM = 2R9D8RVTAY;
				INFOPLIST_FILE = Music/Info.plist;
				IPHONEOS_DEPLOYMENT_TARGET = 11.0;
				LD_RUNPATH_SEARCH_PATHS = (
					"$(inherited)",
					"@executable_path/Frameworks",
				);
				PRODUCT_BUNDLE_IDENTIFIER = com.atheer.Music;
				PRODUCT_NAME = "$(TARGET_NAME)";
				SWIFT_VERSION = 4.2;
				TARGETED_DEVICE_FAMILY = "1,2";
			};
			name = Release;
		};
/* End XCBuildConfiguration section */

/* Begin XCConfigurationList section */
		1ECE277020C6C696005F1039 /* Build configuration list for PBXProject "Music" */ = {
			isa = XCConfigurationList;
			buildConfigurations = (
				1ECE278520C6C6A1005F1039 /* Debug */,
				1ECE278620C6C6A1005F1039 /* Release */,
			);
			defaultConfigurationIsVisible = 0;
			defaultConfigurationName = Release;
		};
		1ECE278720C6C6A1005F1039 /* Build configuration list for PBXNativeTarget "Music" */ = {
			isa = XCConfigurationList;
			buildConfigurations = (
				1ECE278820C6C6A1005F1039 /* Debug */,
				1ECE278920C6C6A1005F1039 /* Release */,
			);
			defaultConfigurationIsVisible = 0;
			defaultConfigurationName = Release;
		};
/* End XCConfigurationList section */
	};
	rootObject = 1ECE276D20C6C696005F1039 /* Project object */;
}
